
Microsoft Visual Studio Solution File, Format Version 12.00
# Visual Studio Version 16
VisualStudioVersion = 16.0.30523.141
MinimumVisualStudioVersion = 10.0.40219.1
Project("{FAE04EC0-301F-11D3-BF4B-00C04F79EFBC}") = "SelfIntroduction", "SelfIntroduction\SelfIntroduction.csproj", "{3754F462-F370-4CC6-AC5C-52460582A15D}"
EndProject
Global
	GlobalSection(SolutionConfigurationPlatforms) = preSolution
		Debug|Any CPU = Debug|Any CPU
		Release|Any CPU = Release|Any CPU
	EndGlobalSection
	GlobalSection(ProjectConfigurationPlatforms) = postSolution
		{3754F462-F370-4CC6-AC5C-52460582A15D}.Debug|Any CPU.ActiveCfg = Debug|Any CPU
		{3754F462-F370-4CC6-AC5C-52460582A15D}.Debug|Any CPU.Build.0 = Debug|Any CPU
		{3754F462-F370-4CC6-AC5C-52460582A15D}.Release|Any CPU.ActiveCfg = Release|Any CPU
		{3754F462-F370-4CC6-AC5C-52460582A15D}.Release|Any CPU.Build.0 = Release|Any CPU
	EndGlobalSection
	GlobalSection(SolutionProperties) = preSolution
		HideSolutionNode = FALSE
	EndGlobalSection
	GlobalSection(ExtensibilityGlobals) = postSolution
		SolutionGuid = {68314DB6-63FD-47E9-950A-50A665DCACF8}
	EndGlobalSection
EndGlobal
